
Microsoft Visual Studio Solution File, Format Version 12.00
# Visual Studio Version 16
VisualStudioVersion = 16.0.30611.23
MinimumVisualStudioVersion = 10.0.40219.1
Project("{9A19103F-16F7-4668-BE54-9A1E7A4F7556}") = "Entities", "Entities\Entities.csproj", "{7FD53EE7-9C53-438F-962C-1468C41FD1E6}"
EndProject
Project("{9A19103F-16F7-4668-BE54-9A1E7A4F7556}") = "DataAccess", "DataAccess\DataAccess.csproj", "{B102C496-346E-41B0-806D-4A0F3A533C6F}"
EndProject
Project("{9A19103F-16F7-4668-BE54-9A1E7A4F7556}") = "Business", "Business\Business.csproj", "{21AA60AF-2F13-4E8B-A2F4-13B79DE027DE}"
EndProject
Project("{9A19103F-16F7-4668-BE54-9A1E7A4F7556}") = "ConsoleUI", "ConsoleUI\ConsoleUI.csproj", "{50B50D19-24AB-4F7B-9D73-EACA8F621AC9}"
EndProject
Project("{9A19103F-16F7-4668-BE54-9A1E7A4F7556}") = "Core", "Core\Core.csproj", "{49EB43E8-35C1-4AD9-B085-57ADA8E0E635}"
EndProject
Project("{FAE04EC0-301F-11D3-BF4B-00C04F79EFBC}") = "WebAPI", "WebAPI\WebAPI.csproj", "{A6DE5288-1950-4850-87C9-082A372AE21A}"
EndProject
Global
	GlobalSection(SolutionConfigurationPlatforms) = preSolution
		Debug|Any CPU = Debug|Any CPU
		Release|Any CPU = Release|Any CPU
	EndGlobalSection
	GlobalSection(ProjectConfigurationPlatforms) = postSolution
		{7FD53EE7-9C53-438F-962C-1468C41FD1E6}.Debug|Any CPU.ActiveCfg = Debug|Any CPU
		{7FD53EE7-9C53-438F-962C-1468C41FD1E6}.Debug|Any CPU.Build.0 = Debug|Any CPU
		{7FD53EE7-9C53-438F-962C-1468C41FD1E6}.Release|Any CPU.ActiveCfg = Release|Any CPU
		{7FD53EE7-9C53-438F-962C-1468C41FD1E6}.Release|Any CPU.Build.0 = Release|Any CPU
		{B102C496-346E-41B0-806D-4A0F3A533C6F}.Debug|Any CPU.ActiveCfg = Debug|Any CPU
		{B102C496-346E-41B0-806D-4A0F3A533C6F}.Debug|Any CPU.Build.0 = Debug|Any CPU
		{B102C496-346E-41B0-806D-4A0F3A533C6F}.Release|Any CPU.ActiveCfg = Release|Any CPU
		{B102C496-346E-41B0-806D-4A0F3A533C6F}.Release|Any CPU.Build.0 = Release|Any CPU
		{21AA60AF-2F13-4E8B-A2F4-13B79DE027DE}.Debug|Any CPU.ActiveCfg = Debug|Any CPU
		{21AA60AF-2F13-4E8B-A2F4-13B79DE027DE}.Debug|Any CPU.Build.0 = Debug|Any CPU
		{21AA60AF-2F13-4E8B-A2F4-13B79DE027DE}.Release|Any CPU.ActiveCfg = Release|Any CPU
		{21AA60AF-2F13-4E8B-A2F4-13B79DE027DE}.Release|Any CPU.Build.0 = Release|Any CPU
		{50B50D19-24AB-4F7B-9D73-EACA8F621AC9}.Debug|Any CPU.ActiveCfg = Debug|Any CPU
		{50B50D19-24AB-4F7B-9D73-EACA8F621AC9}.Debug|Any CPU.Build.0 = Debug|Any CPU
		{50B50D19-24AB-4F7B-9D73-EACA8F621AC9}.Release|Any CPU.ActiveCfg = Release|Any CPU
		{50B50D19-24AB-4F7B-9D73-EACA8F621AC9}.Release|Any CPU.Build.0 = Release|Any CPU
		{49EB43E8-35C1-4AD9-B085-57ADA8E0E635}.Debug|Any CPU.ActiveCfg = Debug|Any CPU
		{49EB43E8-35C1-4AD9-B085-57ADA8E0E635}.Debug|Any CPU.Build.0 = Debug|Any CPU
		{49EB43E8-35C1-4AD9-B085-57ADA8E0E635}.Release|Any CPU.ActiveCfg = Release|Any CPU
		{49EB43E8-35C1-4AD9-B085-57ADA8E0E635}.Release|Any CPU.Build.0 = Release|Any CPU
		{A6DE5288-1950-4850-87C9-082A372AE21A}.Debug|Any CPU.ActiveCfg = Debug|Any CPU
		{A6DE5288-1950-4850-87C9-082A372AE21A}.Debug|Any CPU.Build.0 = Debug|Any CPU
		{A6DE5288-1950-4850-87C9-082A372AE21A}.Release|Any CPU.ActiveCfg = Release|Any CPU
		{A6DE5288-1950-4850-87C9-082A372AE21A}.Release|Any CPU.Build.0 = Release|Any CPU
	EndGlobalSection
	GlobalSection(SolutionProperties) = preSolution
		HideSolutionNode = FALSE
	EndGlobalSection
	GlobalSection(ExtensibilityGlobals) = postSolution
		SolutionGuid = {FB12D7D7-9CEC-4EE5-82CB-C0B3C70A5CAF}
	EndGlobalSection
EndGlobal
